
Microsoft Visual Studio Solution File, Format Version 12.00
# Visual Studio Version 16
VisualStudioVersion = 16.0.30517.126
MinimumVisualStudioVersion = 10.0.40219.1
Project("{9A19103F-16F7-4668-BE54-9A1E7A4F7556}") = "ShopifyConsole", "ShopifyConsole.csproj", "{183F84E7-1C1D-4FDC-B26B-2C22A70B5207}"
EndProject
Global
	GlobalSection(SolutionConfigurationPlatforms) = preSolution
		Debug|Any CPU = Debug|Any CPU
		Release|Any CPU = Release|Any CPU
	EndGlobalSection
	GlobalSection(ProjectConfigurationPlatforms) = postSolution
		{183F84E7-1C1D-4FDC-B26B-2C22A70B5207}.Debug|Any CPU.ActiveCfg = Debug|Any CPU
		{183F84E7-1C1D-4FDC-B26B-2C22A70B5207}.Debug|Any CPU.Build.0 = Debug|Any CPU
		{183F84E7-1C1D-4FDC-B26B-2C22A70B5207}.Release|Any CPU.ActiveCfg = Release|Any CPU
		{183F84E7-1C1D-4FDC-B26B-2C22A70B5207}.Release|Any CPU.Build.0 = Release|Any CPU
	EndGlobalSection
	GlobalSection(SolutionProperties) = preSolution
		HideSolutionNode = FALSE
	EndGlobalSection
	GlobalSection(ExtensibilityGlobals) = postSolution
		SolutionGuid = {7048D83F-9072-41AB-820F-A6759D77E9F8}
	EndGlobalSection
EndGlobal
